
Microsoft Visual Studio Solution File, Format Version 12.00
# Visual Studio Version 17
VisualStudioVersion = 17.2.32519.379
MinimumVisualStudioVersion = 10.0.40219.1
Project("{9A19103F-16F7-4668-BE54-9A1E7A4F7556}") = "Day1", "Day1\Day1.csproj", "{F9D7FD9B-E12B-4A4D-9956-9F6C882D39F6}"
EndProject
Project("{9A19103F-16F7-4668-BE54-9A1E7A4F7556}") = "Day1_Lab", "Day1_lab\Day1_Lab.csproj", "{433C80AE-0302-4AF7-8BE6-3EF9433C06D7}"
EndProject
Project("{2150E333-8FDC-42A3-9474-1A3956D46DE8}") = "WorkShop_Day1", "WorkShop_Day1", "{82A0D27F-E3B8-46A9-B3AA-A144424D61C2}"
EndProject
Project("{9A19103F-16F7-4668-BE54-9A1E7A4F7556}") = "Day1_CRUD", "Day1_CRUD\Day1_CRUD.csproj", "{55B9F7CC-3E07-41B2-936C-E8650300CC23}"
EndProject
Project("{2150E333-8FDC-42A3-9474-1A3956D46DE8}") = "WorkShop_Day2", "WorkShop_Day2", "{12EFFAFF-0058-44DC-B61F-BDEED2F68288}"
EndProject
Project("{FAE04EC0-301F-11D3-BF4B-00C04F79EFBC}") = "Day2_Lab", "Day2_Lab\Day2_Lab.csproj", "{5DA4E8A4-A2B6-4789-89AF-0696CFAA25F9}"
EndProject
Project("{FAE04EC0-301F-11D3-BF4B-00C04F79EFBC}") = "Day2_Test", "Day2_Test\Day2_Test.csproj", "{06964FFD-720C-44B4-842C-C6CF9E164B51}"
EndProject
Global
	GlobalSection(SolutionConfigurationPlatforms) = preSolution
		Debug|Any CPU = Debug|Any CPU
		Release|Any CPU = Release|Any CPU
	EndGlobalSection
	GlobalSection(ProjectConfigurationPlatforms) = postSolution
		{F9D7FD9B-E12B-4A4D-9956-9F6C882D39F6}.Debug|Any CPU.ActiveCfg = Debug|Any CPU
		{F9D7FD9B-E12B-4A4D-9956-9F6C882D39F6}.Debug|Any CPU.Build.0 = Debug|Any CPU
		{F9D7FD9B-E12B-4A4D-9956-9F6C882D39F6}.Release|Any CPU.ActiveCfg = Release|Any CPU
		{F9D7FD9B-E12B-4A4D-9956-9F6C882D39F6}.Release|Any CPU.Build.0 = Release|Any CPU
		{433C80AE-0302-4AF7-8BE6-3EF9433C06D7}.Debug|Any CPU.ActiveCfg = Debug|Any CPU
		{433C80AE-0302-4AF7-8BE6-3EF9433C06D7}.Debug|Any CPU.Build.0 = Debug|Any CPU
		{433C80AE-0302-4AF7-8BE6-3EF9433C06D7}.Release|Any CPU.ActiveCfg = Release|Any CPU
		{433C80AE-0302-4AF7-8BE6-3EF9433C06D7}.Release|Any CPU.Build.0 = Release|Any CPU
		{55B9F7CC-3E07-41B2-936C-E8650300CC23}.Debug|Any CPU.ActiveCfg = Debug|Any CPU
		{55B9F7CC-3E07-41B2-936C-E8650300CC23}.Debug|Any CPU.Build.0 = Debug|Any CPU
		{55B9F7CC-3E07-41B2-936C-E8650300CC23}.Release|Any CPU.ActiveCfg = Release|Any CPU
		{55B9F7CC-3E07-41B2-936C-E8650300CC23}.Release|Any CPU.Build.0 = Release|Any CPU
		{5DA4E8A4-A2B6-4789-89AF-0696CFAA25F9}.Debug|Any CPU.ActiveCfg = Debug|Any CPU
		{5DA4E8A4-A2B6-4789-89AF-0696CFAA25F9}.Debug|Any CPU.Build.0 = Debug|Any CPU
		{5DA4E8A4-A2B6-4789-89AF-0696CFAA25F9}.Release|Any CPU.ActiveCfg = Release|Any CPU
		{5DA4E8A4-A2B6-4789-89AF-0696CFAA25F9}.Release|Any CPU.Build.0 = Release|Any CPU
		{06964FFD-720C-44B4-842C-C6CF9E164B51}.Debug|Any CPU.ActiveCfg = Debug|Any CPU
		{06964FFD-720C-44B4-842C-C6CF9E164B51}.Debug|Any CPU.Build.0 = Debug|Any CPU
		{06964FFD-720C-44B4-842C-C6CF9E164B51}.Release|Any CPU.ActiveCfg = Release|Any CPU
		{06964FFD-720C-44B4-842C-C6CF9E164B51}.Release|Any CPU.Build.0 = Release|Any CPU
	EndGlobalSection
	GlobalSection(SolutionProperties) = preSolution
		HideSolutionNode = FALSE
	EndGlobalSection
	GlobalSection(NestedProjects) = preSolution
		{F9D7FD9B-E12B-4A4D-9956-9F6C882D39F6} = {82A0D27F-E3B8-46A9-B3AA-A144424D61C2}
		{433C80AE-0302-4AF7-8BE6-3EF9433C06D7} = {82A0D27F-E3B8-46A9-B3AA-A144424D61C2}
		{55B9F7CC-3E07-41B2-936C-E8650300CC23} = {82A0D27F-E3B8-46A9-B3AA-A144424D61C2}
		{5DA4E8A4-A2B6-4789-89AF-0696CFAA25F9} = {12EFFAFF-0058-44DC-B61F-BDEED2F68288}
		{06964FFD-720C-44B4-842C-C6CF9E164B51} = {12EFFAFF-0058-44DC-B61F-BDEED2F68288}
	EndGlobalSection
	GlobalSection(ExtensibilityGlobals) = postSolution
		SolutionGuid = {F1554EB2-E4FF-4C3C-9EDF-7BEDFA6A0BFF}
	EndGlobalSection
EndGlobal
